Microsoft Visual Studio Solution File, Format Version 12.00
# Visual Studio Version 16
VisualStudioVersion = 16.0.30011.22
MinimumVisualStudioVersion = 10.0.40219.1
Project("{8BC9CEB8-8B4A-11D0-8D11-00A0C91BC942}") = "NGPCarMenu", "NGPCarMenu.vcxproj", "{DFCA2423-44B8-4A35-A380-7247D9CFCE30}"
EndProject
Global
	GlobalSection(SolutionConfigurationPlatforms) = preSolution
		Debug|x64 = Debug|x64
		Debug|x86 = Debug|x86
		Release|x64 = Release|x64
		Release|x86 = Release|x86
	EndGlobalSection
	GlobalSection(ProjectConfigurationPlatforms) = postSolution
		{DFCA2423-44B8-4A35-A380-7247D9CFCE30}.Debug|x64.ActiveCfg = Debug|Win32
		{DFCA2423-44B8-4A35-A380-7247D9CFCE30}.Debug|x86.ActiveCfg = Debug|Win32
		{DFCA2423-44B8-4A35-A380-7247D9CFCE30}.Debug|x86.Build.0 = Debug|Win32
		{DFCA2423-44B8-4A35-A380-7247D9CFCE30}.Release|x64.ActiveCfg = Release|Win32
		{DFCA2423-44B8-4A35-A380-7247D9CFCE30}.Release|x86.ActiveCfg = Release|Win32
		{DFCA2423-44B8-4A35-A380-7247D9CFCE30}.Release|x86.Build.0 = Release|Win32
	EndGlobalSection
	GlobalSection(SolutionProperties) = preSolution
		HideSolutionNode = FALSE
	EndGlobalSection
	GlobalSection(ExtensibilityGlobals) = postSolution
		SolutionGuid = {7653E637-7A43-47EA-BE3C-BB519751ECC2}
	EndGlobalSection
EndGlobal
