<?xml version="1.0" encoding="utf-8"?>
<Project ToolsVersion="4.0" xmlns="http://schemas.microsoft.com/developer/msbuild/2003">
  <ItemGroup>
    <Filter Include="Source Files">
      <UniqueIdentifier>{4FC737F1-C7A5-4376-A066-2A32D752A2FF}</UniqueIdentifier>
      <Extensions>cpp;c;cxx;def;odl;idl;hpj;bat;asm;asmx</Extensions>
    </Filter>
    <Filter Include="Header Files">
      <UniqueIdentifier>{93995380-89BD-4b04-88EB-625FBE52EBFB}</UniqueIdentifier>
      <Extensions>h;hpp;hxx;hm;inl;inc;xsd</Extensions>
    </Filter>
    <Filter Include="Resource Files">
      <UniqueIdentifier>{67DA6AB6-F800-4c08-8B7A-83BB121AAD01}</UniqueIdentifier>
      <Extensions>rc;ico;cur;bmp;dlg;rc2;rct;bin;rgs;gif;jpg;jpeg;jpe;resx</Extensions>
    </Filter>
    <Filter Include="Misc">
      <UniqueIdentifier>{ba50cf03-b98a-4d32-85de-7c8187b3ad7e}</UniqueIdentifier>
    </Filter>
    <Filter Include="SQLite">
      <UniqueIdentifier>{db26449f-cbb3-4088-8ed7-cb041c922ebd}</UniqueIdentifier>
    </Filter>
  </ItemGroup>
  <ItemGroup>
    <ClCompile Include="PluginHelpers.cpp">
      <Filter>Source Files</Filter>
    </ClCompile>
    <ClCompile Include="NGPCarMenu.cpp">
      <Filter>Source Files</Filter>
    </ClCompile>
    <ClCompile Include="Detourxs\detourxs.cpp">
      <Filter>Source Files</Filter>
    </ClCompile>
    <ClCompile Include="D3D9Font\D3DFont.cpp">
      <Filter>Source Files</Filter>
    </ClCompile>
    <ClCompile Include="D3D9Font\SharedFont.cpp">
      <Filter>Source Files</Filter>
    </ClCompile>
    <ClCompile Include="RBRAPI.cpp">
      <Filter>Source Files</Filter>
    </ClCompile>
    <ClCompile Include="D3D9Helpers.cpp">
      <Filter>Source Files</Filter>
    </ClCompile>
    <ClCompile Include="RBRRX_Integration.cpp">
      <Filter>Source Files</Filter>
    </ClCompile>
    <ClCompile Include="RBRTM_Integration.cpp">
      <Filter>Source Files</Filter>
    </ClCompile>
    <ClCompile Include="FileWatcher.cpp">
      <Filter>Source Files</Filter>
    </ClCompile>
    <ClCompile Include="RaceStatDB.cpp">
      <Filter>Source Files</Filter>
    </ClCompile>
    <ClCompile Include="SQLite\CppSQLite3U.cpp">
      <Filter>SQLite</Filter>
    </ClCompile>
    <ClCompile Include="SQLite\sqlite3.c">
      <Filter>SQLite</Filter>
    </ClCompile>
  </ItemGroup>
  <ItemGroup>
    <None Include="NGPCarMenu.def">
      <Filter>Source Files</Filter>
    </None>
    <None Include="..\ReadMe.md" />
    <None Include="CustomCarSpecs.ini" />
    <None Include="CreateReleaseZip.cmd" />
    <None Include="NGPCarMenu.ini" />
    <None Include="NGPCarMenu_Group R1.rpl" />
    <None Include="NGPCarMenu.rpl" />
    <None Include="NGPCarMenu_fi.ini" />
    <None Include="NGPCarMenu_en.ini" />
    <None Include="NGPCarMenu_se.ini" />
  </ItemGroup>
  <ItemGroup>
    <ClInclude Include="PluginHelpers.h">
      <Filter>Header Files</Filter>
    </ClInclude>
    <ClInclude Include="stdafx.h">
      <Filter>Header Files</Filter>
    </ClInclude>
    <ClInclude Include="IPlugin.h">
      <Filter>Header Files</Filter>
    </ClInclude>
    <ClInclude Include="IRBRGame.h">
      <Filter>Header Files</Filter>
    </ClInclude>
    <ClInclude Include="D3D9Font\D3DFont.h">
      <Filter>Header Files</Filter>
    </ClInclude>
    <ClInclude Include="NGPCarMenu.h">
      <Filter>Header Files</Filter>
    </ClInclude>
    <ClInclude Include="RBRAPI.h">
      <Filter>Header Files</Filter>
    </ClInclude>
    <ClInclude Include="SimpleINI\SimpleIni.h">
      <Filter>Header Files</Filter>
    </ClInclude>
    <ClInclude Include="Detourxs\detourxs.h">
      <Filter>Header Files</Filter>
    </ClInclude>
    <ClInclude Include="D3D9Font\SharedFont.h">
      <Filter>Header Files</Filter>
    </ClInclude>
    <ClInclude Include="D3D9Helpers.h">
      <Filter>Header Files</Filter>
    </ClInclude>
    <ClInclude Include="resource.h">
      <Filter>Header Files</Filter>
    </ClInclude>
    <ClInclude Include="FileWatcher.h">
      <Filter>Header Files</Filter>
    </ClInclude>
    <ClInclude Include="SQLite\CppSQLite3U.h">
      <Filter>SQLite</Filter>
    </ClInclude>
    <ClInclude Include="SQLite\sqlite3.h">
      <Filter>SQLite</Filter>
    </ClInclude>
    <ClInclude Include="json\nlohmann\json.hpp">
      <Filter>Header Files</Filter>
    </ClInclude>
  </ItemGroup>
  <ItemGroup>
    <Text Include="..\LicenseText.txt" />
  </ItemGroup>
  <ItemGroup>
    <ResourceCompile Include="NGPCarMenu.rc">
      <Filter>Resource Files</Filter>
    </ResourceCompile>
  </ItemGroup>
  <ItemGroup>
    <Image Include="..\misc\NGPCarMenu_PluginMenu.png">
      <Filter>Misc</Filter>
    </Image>
    <Image Include="..\misc\NGPCarMenu_SelectCarMenu.png">
      <Filter>Misc</Filter>
    </Image>
  </ItemGroup>
</Project>